
Microsoft Visual Studio Solution File, Format Version 12.00
# Visual Studio Version 16
VisualStudioVersion = 16.0.29709.97
MinimumVisualStudioVersion = 10.0.40219.1
Project("{FAE04EC0-301F-11D3-BF4B-00C04F79EFBC}") = "TaskNPoints.WebApp", "TaskNPoints.WebApp\TaskNPoints.WebApp.csproj", "{90918289-9C18-4888-89EA-27488A570A83}"
EndProject
Project("{FAE04EC0-301F-11D3-BF4B-00C04F79EFBC}") = "TaskNPoints.Entities", "TaskNPoints.Entities\TaskNPoints.Entities.csproj", "{7198313D-2C64-4819-A0E7-7E14914497C9}"
EndProject
Project("{FAE04EC0-301F-11D3-BF4B-00C04F79EFBC}") = "TaskNPoints.Repository", "TaskNPoints.Repository\TaskNPoints.Repository.csproj", "{05247927-3BB2-4922-B96A-698BCCD8FEC3}"
EndProject
Project("{FAE04EC0-301F-11D3-BF4B-00C04F79EFBC}") = "TaskNPoints.Repository.Contract", "TaskNPoints.Repository.Contract\TaskNPoints.Repository.Contract.csproj", "{413B8B62-C6DE-4102-9F1F-1519ED78C709}"
EndProject
Project("{FAE04EC0-301F-11D3-BF4B-00C04F79EFBC}") = "TaskNPoints.Business.Contract", "TaskNPoints.Business.Contract\TaskNPoints.Business.Contract.csproj", "{394C1209-443B-4863-970D-2EC5C2F5BC6D}"
EndProject
Project("{FAE04EC0-301F-11D3-BF4B-00C04F79EFBC}") = "TaskNPoints.Business", "TaskNPoints.Business\TaskNPoints.Business.csproj", "{A032E0AA-E8A4-445F-9AC8-22915E4B5241}"
EndProject
Global
	GlobalSection(SolutionConfigurationPlatforms) = preSolution
		Debug|Any CPU = Debug|Any CPU
		Release|Any CPU = Release|Any CPU
	EndGlobalSection
	GlobalSection(ProjectConfigurationPlatforms) = postSolution
		{90918289-9C18-4888-89EA-27488A570A83}.Debug|Any CPU.ActiveCfg = Debug|Any CPU
		{90918289-9C18-4888-89EA-27488A570A83}.Debug|Any CPU.Build.0 = Debug|Any CPU
		{90918289-9C18-4888-89EA-27488A570A83}.Release|Any CPU.ActiveCfg = Release|Any CPU
		{90918289-9C18-4888-89EA-27488A570A83}.Release|Any CPU.Build.0 = Release|Any CPU
		{7198313D-2C64-4819-A0E7-7E14914497C9}.Debug|Any CPU.ActiveCfg = Debug|Any CPU
		{7198313D-2C64-4819-A0E7-7E14914497C9}.Debug|Any CPU.Build.0 = Debug|Any CPU
		{7198313D-2C64-4819-A0E7-7E14914497C9}.Release|Any CPU.ActiveCfg = Release|Any CPU
		{7198313D-2C64-4819-A0E7-7E14914497C9}.Release|Any CPU.Build.0 = Release|Any CPU
		{05247927-3BB2-4922-B96A-698BCCD8FEC3}.Debug|Any CPU.ActiveCfg = Debug|Any CPU
		{05247927-3BB2-4922-B96A-698BCCD8FEC3}.Debug|Any CPU.Build.0 = Debug|Any CPU
		{05247927-3BB2-4922-B96A-698BCCD8FEC3}.Release|Any CPU.ActiveCfg = Release|Any CPU
		{05247927-3BB2-4922-B96A-698BCCD8FEC3}.Release|Any CPU.Build.0 = Release|Any CPU
		{413B8B62-C6DE-4102-9F1F-1519ED78C709}.Debug|Any CPU.ActiveCfg = Debug|Any CPU
		{413B8B62-C6DE-4102-9F1F-1519ED78C709}.Debug|Any CPU.Build.0 = Debug|Any CPU
		{413B8B62-C6DE-4102-9F1F-1519ED78C709}.Release|Any CPU.ActiveCfg = Release|Any CPU
		{413B8B62-C6DE-4102-9F1F-1519ED78C709}.Release|Any CPU.Build.0 = Release|Any CPU
		{394C1209-443B-4863-970D-2EC5C2F5BC6D}.Debug|Any CPU.ActiveCfg = Debug|Any CPU
		{394C1209-443B-4863-970D-2EC5C2F5BC6D}.Debug|Any CPU.Build.0 = Debug|Any CPU
		{394C1209-443B-4863-970D-2EC5C2F5BC6D}.Release|Any CPU.ActiveCfg = Release|Any CPU
		{394C1209-443B-4863-970D-2EC5C2F5BC6D}.Release|Any CPU.Build.0 = Release|Any CPU
		{A032E0AA-E8A4-445F-9AC8-22915E4B5241}.Debug|Any CPU.ActiveCfg = Debug|Any CPU
		{A032E0AA-E8A4-445F-9AC8-22915E4B5241}.Debug|Any CPU.Build.0 = Debug|Any CPU
		{A032E0AA-E8A4-445F-9AC8-22915E4B5241}.Release|Any CPU.ActiveCfg = Release|Any CPU
		{A032E0AA-E8A4-445F-9AC8-22915E4B5241}.Release|Any CPU.Build.0 = Release|Any CPU
	EndGlobalSection
	GlobalSection(SolutionProperties) = preSolution
		HideSolutionNode = FALSE
	EndGlobalSection
	GlobalSection(ExtensibilityGlobals) = postSolution
		SolutionGuid = {C928EA4E-9385-47B2-954D-7D2D241C59EA}
	EndGlobalSection
EndGlobal
